// !$*UTF8*$!
{
	archiveVersion = 1;
	classes = {
	};
	objectVersion = 50;
	objects = {

/* Begin PBXBuildFile section */
		88298CC8EF564D6EDE238A32 /* Pods_Above_The_Horizon.framework in Frameworks */ = {isa = PBXBuildFile; fileRef = F993ADC1DCBDCEF942A7ECE2 /* Pods_Above_The_Horizon.framework */; };
		D4082BD62131803E008D87FD /* AppDelegate.swift in Sources */ = {isa = PBXBuildFile; fileRef = D4082BD52131803E008D87FD /* AppDelegate.swift */; };
		D4082BD82131803E008D87FD /* ViewController.swift in Sources */ = {isa = PBXBuildFile; fileRef = D4082BD72131803E008D87FD /* ViewController.swift */; };
		D4082BDB2131803E008D87FD /* Main.storyboard in Resources */ = {isa = PBXBuildFile; fileRef = D4082BD92131803E008D87FD /* Main.storyboard */; };
		D4082BDD2131803F008D87FD /* Assets.xcassets in Resources */ = {isa = PBXBuildFile; fileRef = D4082BDC2131803F008D87FD /* Assets.xcassets */; };
		D4082BE02131803F008D87FD /* LaunchScreen.storyboard in Resources */ = {isa = PBXBuildFile; fileRef = D4082BDE2131803F008D87FD /* LaunchScreen.storyboard */; };
		D4082BEA21318636008D87FD /* layouts in Resources */ = {isa = PBXBuildFile; fileRef = D4082BE921318636008D87FD /* layouts */; };
		D4082BEC2131905C008D87FD /* Task.swift in Sources */ = {isa = PBXBuildFile; fileRef = D4082BEB2131905C008D87FD /* Task.swift */; };
		D4DEEE0621341A410067A639 /* TaskViewController.swift in Sources */ = {isa = PBXBuildFile; fileRef = D4DEEE0521341A410067A639 /* TaskViewController.swift */; };
		D4DEEE08213425460067A639 /* MainViewController.swift in Sources */ = {isa = PBXBuildFile; fileRef = D4DEEE07213425460067A639 /* MainViewController.swift */; };
/* End PBXBuildFile section */

/* Begin PBXFileReference section */
		60E38029A10CE5372071975A /* Pods-Above The Horizon.release.xcconfig */ = {isa = PBXFileReference; includeInIndex = 1; lastKnownFileType = text.xcconfig; name = "Pods-Above The Horizon.release.xcconfig"; path = "Pods/Target Support Files/Pods-Above The Horizon/Pods-Above The Horizon.release.xcconfig"; sourceTree = "<group>"; };
		61598FB5EF1EA885DD050BEF /* Pods-Above The Horizon.debug.xcconfig */ = {isa = PBXFileReference; includeInIndex = 1; lastKnownFileType = text.xcconfig; name = "Pods-Above The Horizon.debug.xcconfig"; path = "Pods/Target Support Files/Pods-Above The Horizon/Pods-Above The Horizon.debug.xcconfig"; sourceTree = "<group>"; };
		D4082BD22131803E008D87FD /* Above The Horizon.app */ = {isa = PBXFileReference; explicitFileType = wrapper.application; includeInIndex = 0; path = "Above The Horizon.app"; sourceTree = BUILT_PRODUCTS_DIR; };
		D4082BD52131803E008D87FD /* AppDelegate.swift */ = {isa = PBXFileReference; lastKnownFileType = sourcecode.swift; path = AppDelegate.swift; sourceTree = "<group>"; };
		D4082BD72131803E008D87FD /* ViewController.swift */ = {isa = PBXFileReference; lastKnownFileType = sourcecode.swift; path = ViewController.swift; sourceTree = "<group>"; };
		D4082BDA2131803E008D87FD /* Base */ = {isa = PBXFileReference; lastKnownFileType = file.storyboard; name = Base; path = Base.lproj/Main.storyboard; sourceTree = "<group>"; };
		D4082BDC2131803F008D87FD /* Assets.xcassets */ = {isa = PBXFileReference; lastKnownFileType = folder.assetcatalog; path = Assets.xcassets; sourceTree = "<group>"; };
		D4082BDF2131803F008D87FD /* Base */ = {isa = PBXFileReference; lastKnownFileType = file.storyboard; name = Base; path = Base.lproj/LaunchScreen.storyboard; sourceTree = "<group>"; };
		D4082BE12131803F008D87FD /* Info.plist */ = {isa = PBXFileReference; lastKnownFileType = text.plist.xml; path = Info.plist; sourceTree = "<group>"; };
		D4082BE921318636008D87FD /* layouts */ = {isa = PBXFileReference; lastKnownFileType = folder; path = layouts; sourceTree = "<group>"; };
		D4082BEB2131905C008D87FD /* Task.swift */ = {isa = PBXFileReference; lastKnownFileType = sourcecode.swift; path = Task.swift; sourceTree = "<group>"; };
		D4DEEE0521341A410067A639 /* TaskViewController.swift */ = {isa = PBXFileReference; lastKnownFileType = sourcecode.swift; path = TaskViewController.swift; sourceTree = "<group>"; };
		D4DEEE07213425460067A639 /* MainViewController.swift */ = {isa = PBXFileReference; lastKnownFileType = sourcecode.swift; path = MainViewController.swift; sourceTree = "<group>"; };
		F993ADC1DCBDCEF942A7ECE2 /* Pods_Above_The_Horizon.framework */ = {isa = PBXFileReference; explicitFileType = wrapper.framework; includeInIndex = 0; path = Pods_Above_The_Horizon.framework; sourceTree = BUILT_PRODUCTS_DIR; };
/* End PBXFileReference section */

/* Begin PBXFrameworksBuildPhase section */
		D4082BCF2131803E008D87FD /* Frameworks */ = {
			isa = PBXFrameworksBuildPhase;
			buildActionMask = 2147483647;
			files = (
				88298CC8EF564D6EDE238A32 /* Pods_Above_The_Horizon.framework in Frameworks */,
			);
			runOnlyForDeploymentPostprocessing = 0;
		};
/* End PBXFrameworksBuildPhase section */

/* Begin PBXGroup section */
		4CB393A4D9F65D03F613B781 /* Frameworks */ = {
			isa = PBXGroup;
			children = (
				F993ADC1DCBDCEF942A7ECE2 /* Pods_Above_The_Horizon.framework */,
			);
			name = Frameworks;
			sourceTree = "<group>";
		};
		A10B3960D131CBFBB9EBC180 /* Pods */ = {
			isa = PBXGroup;
			children = (
				61598FB5EF1EA885DD050BEF /* Pods-Above The Horizon.debug.xcconfig */,
				60E38029A10CE5372071975A /* Pods-Above The Horizon.release.xcconfig */,
			);
			name = Pods;
			sourceTree = "<group>";
		};
		D4082BC92131803E008D87FD = {
			isa = PBXGroup;
			children = (
				D4082BD42131803E008D87FD /* Above The Horizon */,
				D4082BD32131803E008D87FD /* Products */,
				A10B3960D131CBFBB9EBC180 /* Pods */,
				4CB393A4D9F65D03F613B781 /* Frameworks */,
			);
			sourceTree = "<group>";
		};
		D4082BD32131803E008D87FD /* Products */ = {
			isa = PBXGroup;
			children = (
				D4082BD22131803E008D87FD /* Above The Horizon.app */,
			);
			name = Products;
			sourceTree = "<group>";
		};
		D4082BD42131803E008D87FD /* Above The Horizon */ = {
			isa = PBXGroup;
			children = (
				D4082BD52131803E008D87FD /* AppDelegate.swift */,
				D4082BDC2131803F008D87FD /* Assets.xcassets */,
				D4082BE12131803F008D87FD /* Info.plist */,
				D4082BDE2131803F008D87FD /* LaunchScreen.storyboard */,
				D4082BE921318636008D87FD /* layouts */,
				D4082BD92131803E008D87FD /* Main.storyboard */,
				D4DEEE07213425460067A639 /* MainViewController.swift */,
				D4082BEB2131905C008D87FD /* Task.swift */,
				D4DEEE0521341A410067A639 /* TaskViewController.swift */,
				D4082BD72131803E008D87FD /* ViewController.swift */,
			);
			path = "Above The Horizon";
			sourceTree = "<group>";
		};
/* End PBXGroup section */

/* Begin PBXNativeTarget section */
		D4082BD12131803E008D87FD /* Above The Horizon */ = {
			isa = PBXNativeTarget;
			buildConfigurationList = D4082BE42131803F008D87FD /* Build configuration list for PBXNativeTarget "Above The Horizon" */;
			buildPhases = (
				3700AEA7FD35FEECABC9CA50 /* [CP] Check Pods Manifest.lock */,
				D4082BCE2131803E008D87FD /* Sources */,
				D4082BCF2131803E008D87FD /* Frameworks */,
				D4082BD02131803E008D87FD /* Resources */,
				390A5D53C406A271F20ABB2A /* [CP] Embed Pods Frameworks */,
			);
			buildRules = (
			);
			dependencies = (
			);
			name = "Above The Horizon";
			productName = "Above The Horizon";
			productReference = D4082BD22131803E008D87FD /* Above The Horizon.app */;
			productType = "com.apple.product-type.application";
		};
/* End PBXNativeTarget section */

/* Begin PBXProject section */
		D4082BCA2131803E008D87FD /* Project object */ = {
			isa = PBXProject;
			attributes = {
				LastSwiftUpdateCheck = 1000;
				LastUpgradeCheck = 1000;
				ORGANIZATIONNAME = "Robin Schroer";
				TargetAttributes = {
					D4082BD12131803E008D87FD = {
						CreatedOnToolsVersion = 10.0;
					};
				};
			};
			buildConfigurationList = D4082BCD2131803E008D87FD /* Build configuration list for PBXProject "Above The Horizon" */;
			compatibilityVersion = "Xcode 9.3";
			developmentRegion = en;
			hasScannedForEncodings = 0;
			knownRegions = (
				en,
				Base,
			);
			mainGroup = D4082BC92131803E008D87FD;
			productRefGroup = D4082BD32131803E008D87FD /* Products */;
			projectDirPath = "";
			projectRoot = "";
			targets = (
				D4082BD12131803E008D87FD /* Above The Horizon */,
			);
		};
/* End PBXProject section */

/* Begin PBXResourcesBuildPhase section */
		D4082BD02131803E008D87FD /* Resources */ = {
			isa = PBXResourcesBuildPhase;
			buildActionMask = 2147483647;
			files = (
				D4082BEA21318636008D87FD /* layouts in Resources */,
				D4082BE02131803F008D87FD /* LaunchScreen.storyboard in Resources */,
				D4082BDD2131803F008D87FD /* Assets.xcassets in Resources */,
				D4082BDB2131803E008D87FD /* Main.storyboard in Resources */,
			);
			runOnlyForDeploymentPostprocessing = 0;
		};
/* End PBXResourcesBuildPhase section */

/* Begin PBXShellScriptBuildPhase section */
		3700AEA7FD35FEECABC9CA50 /* [CP] Check Pods Manifest.lock */ = {
			isa = PBXShellScriptBuildPhase;
			buildActionMask = 2147483647;
			files = (
			);
			inputPaths = (
				"${PODS_PODFILE_DIR_PATH}/Podfile.lock",
				"${PODS_ROOT}/Manifest.lock",
			);
			name = "[CP] Check Pods Manifest.lock";
			outputPaths = (
				"$(DERIVED_FILE_DIR)/Pods-Above The Horizon-checkManifestLockResult.txt",
			);
			runOnlyForDeploymentPostprocessing = 0;
			shellPath = /bin/sh;
			shellScript = "diff \"${PODS_PODFILE_DIR_PATH}/Podfile.lock\" \"${PODS_ROOT}/Manifest.lock\" > /dev/null\nif [ $? != 0 ] ; then\n    # print error to STDERR\n    echo \"error: The sandbox is not in sync with the Podfile.lock. Run 'pod install' or update your CocoaPods installation.\" >&2\n    exit 1\nfi\n# This output is used by Xcode 'outputs' to avoid re-running this script phase.\necho \"SUCCESS\" > \"${SCRIPT_OUTPUT_FILE_0}\"\n";
			showEnvVarsInLog = 0;
		};
		390A5D53C406A271F20ABB2A /* [CP] Embed Pods Frameworks */ = {
			isa = PBXShellScriptBuildPhase;
			buildActionMask = 2147483647;
			files = (
			);
			inputPaths = (
				"${SRCROOT}/Pods/Target Support Files/Pods-Above The Horizon/Pods-Above The Horizon-frameworks.sh",
				"${BUILT_PRODUCTS_DIR}/Layout/Layout.framework",
			);
			name = "[CP] Embed Pods Frameworks";
			outputPaths = (
				"${TARGET_BUILD_DIR}/${FRAMEWORKS_FOLDER_PATH}/Layout.framework",
			);
			runOnlyForDeploymentPostprocessing = 0;
			shellPath = /bin/sh;
			shellScript = "\"${SRCROOT}/Pods/Target Support Files/Pods-Above The Horizon/Pods-Above The Horizon-frameworks.sh\"\n";
			showEnvVarsInLog = 0;
		};
/* End PBXShellScriptBuildPhase section */

/* Begin PBXSourcesBuildPhase section */
		D4082BCE2131803E008D87FD /* Sources */ = {
			isa = PBXSourcesBuildPhase;
			buildActionMask = 2147483647;
			files = (
				D4082BD82131803E008D87FD /* ViewController.swift in Sources */,
				D4DEEE0621341A410067A639 /* TaskViewController.swift in Sources */,
				D4082BEC2131905C008D87FD /* Task.swift in Sources */,
				D4082BD62131803E008D87FD /* AppDelegate.swift in Sources */,
				D4DEEE08213425460067A639 /* MainViewController.swift in Sources */,
			);
			runOnlyForDeploymentPostprocessing = 0;
		};
/* End PBXSourcesBuildPhase section */

/* Begin PBXVariantGroup section */
		D4082BD92131803E008D87FD /* Main.storyboard */ = {
			isa = PBXVariantGroup;
			children = (
				D4082BDA2131803E008D87FD /* Base */,
			);
			name = Main.storyboard;
			sourceTree = "<group>";
		};
		D4082BDE2131803F008D87FD /* LaunchScreen.storyboard */ = {
			isa = PBXVariantGroup;
			children = (
				D4082BDF2131803F008D87FD /* Base */,
			);
			name = LaunchScreen.storyboard;
			sourceTree = "<group>";
		};
/* End PBXVariantGroup section */

/* Begin XCBuildConfiguration section */
		D4082BE22131803F008D87FD /* Debug */ = {
			isa = XCBuildConfiguration;
			buildSettings = {
				ALWAYS_SEARCH_USER_PATHS = NO;
				CLANG_ANALYZER_NONNULL = YES;
				CLANG_ANALYZER_NUMBER_OBJECT_CONVERSION = YES_AGGRESSIVE;
				CLANG_CXX_LANGUAGE_STANDARD = "gnu++14";
				CLANG_CXX_LIBRARY = "libc++";
				CLANG_ENABLE_MODULES = YES;
				CLANG_ENABLE_OBJC_ARC = YES;
				CLANG_ENABLE_OBJC_WEAK = YES;
				CLANG_WARN_BLOCK_CAPTURE_AUTORELEASING = YES;
				CLANG_WARN_BOOL_CONVERSION = YES;
				CLANG_WARN_COMMA = YES;
				CLANG_WARN_CONSTANT_CONVERSION = YES;
				CLANG_WARN_DEPRECATED_OBJC_IMPLEMENTATIONS = YES;
				CLANG_WARN_DIRECT_OBJC_ISA_USAGE = YES_ERROR;
				CLANG_WARN_DOCUMENTATION_COMMENTS = YES;
				CLANG_WARN_EMPTY_BODY = YES;
				CLANG_WARN_ENUM_CONVERSION = YES;
				CLANG_WARN_INFINITE_RECURSION = YES;
				CLANG_WARN_INT_CONVERSION = YES;
				CLANG_WARN_NON_LITERAL_NULL_CONVERSION = YES;
				CLANG_WARN_OBJC_IMPLICIT_RETAIN_SELF = YES;
				CLANG_WARN_OBJC_LITERAL_CONVERSION = YES;
				CLANG_WARN_OBJC_ROOT_CLASS = YES_ERROR;
				CLANG_WARN_RANGE_LOOP_ANALYSIS = YES;
				CLANG_WARN_STRICT_PROTOTYPES = YES;
				CLANG_WARN_SUSPICIOUS_MOVE = YES;
				CLANG_WARN_UNGUARDED_AVAILABILITY = YES_AGGRESSIVE;
				CLANG_WARN_UNREACHABLE_CODE = YES;
				CLANG_WARN__DUPLICATE_METHOD_MATCH = YES;
				CODE_SIGN_IDENTITY = "iPhone Developer";
				COPY_PHASE_STRIP = NO;
				DEBUG_INFORMATION_FORMAT = dwarf;
				ENABLE_STRICT_OBJC_MSGSEND = YES;
				ENABLE_TESTABILITY = YES;
				GCC_C_LANGUAGE_STANDARD = gnu11;
				GCC_DYNAMIC_NO_PIC = NO;
				GCC_NO_COMMON_BLOCKS = YES;
				GCC_OPTIMIZATION_LEVEL = 0;
				GCC_PREPROCESSOR_DEFINITIONS = (
					"DEBUG=1",
					"$(inherited)",
				);
				GCC_WARN_64_TO_32_BIT_CONVERSION = YES;
				GCC_WARN_ABOUT_RETURN_TYPE = YES_ERROR;
				GCC_WARN_UNDECLARED_SELECTOR = YES;
				GCC_WARN_UNINITIALIZED_AUTOS = YES_AGGRESSIVE;
				GCC_WARN_UNUSED_FUNCTION = YES;
				GCC_WARN_UNUSED_VARIABLE = YES;
				IPHONEOS_DEPLOYMENT_TARGET = 12.0;
				MTL_ENABLE_DEBUG_INFO = INCLUDE_SOURCE;
				ONLY_ACTIVE_ARCH = YES;
				SDKROOT = iphoneos;
				SWIFT_ACTIVE_COMPILATION_CONDITIONS = DEBUG;
				SWIFT_OPTIMIZATION_LEVEL = "-Onone";
			};
			name = Debug;
		};
		D4082BE32131803F008D87FD /* Release */ = {
			isa = XCBuildConfiguration;
			buildSettings = {
				ALWAYS_SEARCH_USER_PATHS = NO;
				CLANG_ANALYZER_NONNULL = YES;
				CLANG_ANALYZER_NUMBER_OBJECT_CONVERSION = YES_AGGRESSIVE;
				CLANG_CXX_LANGUAGE_STANDARD = "gnu++14";
				CLANG_CXX_LIBRARY = "libc++";
				CLANG_ENABLE_MODULES = YES;
				CLANG_ENABLE_OBJC_ARC = YES;
				CLANG_ENABLE_OBJC_WEAK = YES;
				CLANG_WARN_BLOCK_CAPTURE_AUTORELEASING = YES;
				CLANG_WARN_BOOL_CONVERSION = YES;
				CLANG_WARN_COMMA = YES;
				CLANG_WARN_CONSTANT_CONVERSION = YES;
				CLANG_WARN_DEPRECATED_OBJC_IMPLEMENTATIONS = YES;
				CLANG_WARN_DIRECT_OBJC_ISA_USAGE = YES_ERROR;
				CLANG_WARN_DOCUMENTATION_COMMENTS = YES;
				CLANG_WARN_EMPTY_BODY = YES;
				CLANG_WARN_ENUM_CONVERSION = YES;
				CLANG_WARN_INFINITE_RECURSION = YES;
				CLANG_WARN_INT_CONVERSION = YES;
				CLANG_WARN_NON_LITERAL_NULL_CONVERSION = YES;
				CLANG_WARN_OBJC_IMPLICIT_RETAIN_SELF = YES;
				CLANG_WARN_OBJC_LITERAL_CONVERSION = YES;
				CLANG_WARN_OBJC_ROOT_CLASS = YES_ERROR;
				CLANG_WARN_RANGE_LOOP_ANALYSIS = YES;
				CLANG_WARN_STRICT_PROTOTYPES = YES;
				CLANG_WARN_SUSPICIOUS_MOVE = YES;
				CLANG_WARN_UNGUARDED_AVAILABILITY = YES_AGGRESSIVE;
				CLANG_WARN_UNREACHABLE_CODE = YES;
				CLANG_WARN__DUPLICATE_METHOD_MATCH = YES;
				CODE_SIGN_IDENTITY = "iPhone Developer";
				COPY_PHASE_STRIP = NO;
				DEBUG_INFORMATION_FORMAT = "dwarf-with-dsym";
				ENABLE_NS_ASSERTIONS = NO;
				ENABLE_STRICT_OBJC_MSGSEND = YES;
				GCC_C_LANGUAGE_STANDARD = gnu11;
				GCC_NO_COMMON_BLOCKS = YES;
				GCC_WARN_64_TO_32_BIT_CONVERSION = YES;
				GCC_WARN_ABOUT_RETURN_TYPE = YES_ERROR;
				GCC_WARN_UNDECLARED_SELECTOR = YES;
				GCC_WARN_UNINITIALIZED_AUTOS = YES_AGGRESSIVE;
				GCC_WARN_UNUSED_FUNCTION = YES;
				GCC_WARN_UNUSED_VARIABLE = YES;
				IPHONEOS_DEPLOYMENT_TARGET = 12.0;
				MTL_ENABLE_DEBUG_INFO = NO;
				SDKROOT = iphoneos;
				SWIFT_COMPILATION_MODE = wholemodule;
				SWIFT_OPTIMIZATION_LEVEL = "-O";
				VALIDATE_PRODUCT = YES;
			};
			name = Release;
		};
		D4082BE52131803F008D87FD /* Debug */ = {
			isa = XCBuildConfiguration;
			baseConfigurationReference = 61598FB5EF1EA885DD050BEF /* Pods-Above The Horizon.debug.xcconfig */;
			buildSettings = {
				ASSETCATALOG_COMPILER_APPICON_NAME = AppIcon;
				CODE_SIGN_STYLE = Automatic;
				DEVELOPMENT_TEAM = 6KZQ4R79ZN;
				INFOPLIST_FILE = "Above The Horizon/Info.plist";
				LD_RUNPATH_SEARCH_PATHS = (
					"$(inherited)",
					"@executable_path/Frameworks",
				);
				PRODUCT_BUNDLE_IDENTIFIER = "com.peerwire.Above-The-Horizon";
				PRODUCT_NAME = "$(TARGET_NAME)";
				SWIFT_VERSION = 4.2;
				TARGETED_DEVICE_FAMILY = "1,2";
			};
			name = Debug;
		};
		D4082BE62131803F008D87FD /* Release */ = {
			isa = XCBuildConfiguration;
			baseConfigurationReference = 60E38029A10CE5372071975A /* Pods-Above The Horizon.release.xcconfig */;
			buildSettings = {
				ASSETCATALOG_COMPILER_APPICON_NAME = AppIcon;
				CODE_SIGN_STYLE = Automatic;
				DEVELOPMENT_TEAM = 6KZQ4R79ZN;
				INFOPLIST_FILE = "Above The Horizon/Info.plist";
				LD_RUNPATH_SEARCH_PATHS = (
					"$(inherited)",
					"@executable_path/Frameworks",
				);
				PRODUCT_BUNDLE_IDENTIFIER = "com.peerwire.Above-The-Horizon";
				PRODUCT_NAME = "$(TARGET_NAME)";
				SWIFT_VERSION = 4.2;
				TARGETED_DEVICE_FAMILY = "1,2";
			};
			name = Release;
		};
/* End XCBuildConfiguration section */

/* Begin XCConfigurationList section */
		D4082BCD2131803E008D87FD /* Build configuration list for PBXProject "Above The Horizon" */ = {
			isa = XCConfigurationList;
			buildConfigurations = (
				D4082BE22131803F008D87FD /* Debug */,
				D4082BE32131803F008D87FD /* Release */,
			);
			defaultConfigurationIsVisible = 0;
			defaultConfigurationName = Release;
		};
		D4082BE42131803F008D87FD /* Build configuration list for PBXNativeTarget "Above The Horizon" */ = {
			isa = XCConfigurationList;
			buildConfigurations = (
				D4082BE52131803F008D87FD /* Debug */,
				D4082BE62131803F008D87FD /* Release */,
			);
			defaultConfigurationIsVisible = 0;
			defaultConfigurationName = Release;
		};
/* End XCConfigurationList section */
	};
	rootObject = D4082BCA2131803E008D87FD /* Project object */;
}
